{
  "name": "elm-typewriter",
  "version": "1.0.0",
  "lockfileVersion": 1,
  "requires": true,
  "dependencies": {
    "@avh4/elm-format-darwin-arm64": {
      "version": "0.8.7-2",
      "resolved": "https://registry.npmjs.org/@avh4/elm-format-darwin-arm64/-/elm-format-darwin-arm64-0.8.7-2.tgz",
      "integrity": "sha512-F5JD44mJ3KX960J5GkXMfh1/dtkXuPcQpX2EToHQKjLTZUfnhZ++ytQQt0gAvrJ0bzoOvhNzjNjUHDA1ruTVbg==",
      "dev": true,
      "optional": true
    },
    "@avh4/elm-format-darwin-x64": {
      "version": "0.8.7-2",
      "resolved": "https://registry.npmjs.org/@avh4/elm-format-darwin-x64/-/elm-format-darwin-x64-0.8.7-2.tgz",
      "integrity": "sha512-4pfF1cl0KyTion+7Mg4XKM3yi4Yc7vP76Kt/DotLVGJOSag4ISGic1og2mt8RZZ7XArybBmHNyYkiUbe/cEiCw==",
      "dev": true,
      "optional": true
    },
    "@avh4/elm-format-linux-arm64": {
      "version": "0.8.7-2",
      "resolved": "https://registry.npmjs.org/@avh4/elm-format-linux-arm64/-/elm-format-linux-arm64-0.8.7-2.tgz",
      "integrity": "sha512-WkVmuce2zU6s9dupHhqPc886Vaqpea8dZlxv2fpZ4wSzPUbiiKHoHZzoVndMIMTUL0TZukP3Ps0n/lWO5R5+FA==",
      "dev": true,
      "optional": true
    },
    "@avh4/elm-format-linux-x64": {
      "version": "0.8.7-2",
      "resolved": "https://registry.npmjs.org/@avh4/elm-format-linux-x64/-/elm-format-linux-x64-0.8.7-2.tgz",
      "integrity": "sha512-kmncfJrTBjVT94JtQvMf4M5Pn2Yl0sZt3wo7AzgFiDnB/CiZ+KjJyXuWM64NeGiv4MQqzPq65tsFXUH1CIJeiQ==",
      "dev": true,
      "optional": true
    },
    "@avh4/elm-format-win32-x64": {
      "version": "0.8.7-2",
      "resolved": "https://registry.npmjs.org/@avh4/elm-format-win32-x64/-/elm-format-win32-x64-0.8.7-2.tgz",
      "integrity": "sha512-sBdMBGq/8mD8Y5C+fIr5vlb3N50yB7S1MfgeAq2QEbvkr/sKrCZI540i43lZDH9gWsfA1w2W8wCe0penFYzsGw==",
      "dev": true,
      "optional": true
    },
    "elm": {
      "version": "0.19.0-no-deps",
      "resolved": "https://registry.npmjs.org/elm/-/elm-0.19.0-no-deps.tgz",
      "integrity": "sha512-tOlSeo5Bt0Rkrt/aBjL+/a+TmAFdfeqjrOlThrhgKOoGeHt1hU7/hJ+HFMlHiODf09AQh7Anl64o7V6thzmRHw==",
      "dev": true
    },
    "elm-format": {
      "version": "0.8.7",
      "resolved": "https://registry.npmjs.org/elm-format/-/elm-format-0.8.7.tgz",
      "integrity": "sha512-sVzFXfWnb+6rzXK+q3e3Ccgr6/uS5mFbFk1VSmigC+x2XZ28QycAa7lS8owl009ALPhRQk+pZ95Eq5ANjpEZsQ==",
      "dev": true,
      "requires": {
        "@avh4/elm-format-darwin-arm64": "0.8.7-2",
        "@avh4/elm-format-darwin-x64": "0.8.7-2",
        "@avh4/elm-format-linux-arm64": "0.8.7-2",
        "@avh4/elm-format-linux-x64": "0.8.7-2",
        "@avh4/elm-format-win32-x64": "0.8.7-2"
      }
    }
  }
}
