{
  "name": "elm-typewriter",
  "version": "1.0.0",
  "lockfileVersion": 1,
  "requires": true,
  "dependencies": {
    "@avh4/elm-format-darwin-arm64": {
      "version": "0.8.6-2",
      "resolved": "https://registry.npmjs.org/@avh4/elm-format-darwin-arm64/-/elm-format-darwin-arm64-0.8.6-2.tgz",
      "integrity": "sha512-DCK8/BHNnZq1DIn4zVm2oSA/kBt5O4lleMo8XOC6R7ZhxrS4xGw6qmwdinKjEcawI2yV9YHkuuwmkhT+jCyAGg==",
      "dev": true,
      "optional": true
    },
    "@avh4/elm-format-darwin-x64": {
      "version": "0.8.6-2",
      "resolved": "https://registry.npmjs.org/@avh4/elm-format-darwin-x64/-/elm-format-darwin-x64-0.8.6-2.tgz",
      "integrity": "sha512-t4sUuJf9d45brhEbPGyP0+O0wwn0rCXV4ojr4xHpni2uy+LxMIrJmhnWImpf7ozQzcr5Lh0GrPniOENOxDlMxw==",
      "dev": true,
      "optional": true
    },
    "@avh4/elm-format-linux-arm64": {
      "version": "0.8.6-2",
      "resolved": "https://registry.npmjs.org/@avh4/elm-format-linux-arm64/-/elm-format-linux-arm64-0.8.6-2.tgz",
      "integrity": "sha512-EgG5fDvW2DLN7GX6fj8kr+T4vkojHRy4IMYI/FV6z1W0220B0b+KKvJjBJyRBAz5BFaV1PJNMgaySu14AoTbow==",
      "dev": true,
      "optional": true
    },
    "@avh4/elm-format-linux-x64": {
      "version": "0.8.6-2",
      "resolved": "https://registry.npmjs.org/@avh4/elm-format-linux-x64/-/elm-format-linux-x64-0.8.6-2.tgz",
      "integrity": "sha512-bgEXHumfXNbYwGbuBKTuYhSPIQ3bY/pQcUTzTHW/+4tZnaEObMZnLm8tfukIzWHrM/oK5MtYAvj5B7UmmZO5Pg==",
      "dev": true,
      "optional": true
    },
    "@avh4/elm-format-win32-x64": {
      "version": "0.8.6-2",
      "resolved": "https://registry.npmjs.org/@avh4/elm-format-win32-x64/-/elm-format-win32-x64-0.8.6-2.tgz",
      "integrity": "sha512-ERzWQ2rutVNeryaBqKQMKghw/HdxVww7ujPBW5mJ99PwWGHYZdJCpw6P4m/s3zOqLKviRM44WCrH0LgDSuwcXQ==",
      "dev": true,
      "optional": true
    },
    "elm": {
      "version": "0.19.0-no-deps",
      "resolved": "https://registry.npmjs.org/elm/-/elm-0.19.0-no-deps.tgz",
      "integrity": "sha512-tOlSeo5Bt0Rkrt/aBjL+/a+TmAFdfeqjrOlThrhgKOoGeHt1hU7/hJ+HFMlHiODf09AQh7Anl64o7V6thzmRHw==",
      "dev": true
    },
    "elm-format": {
      "version": "0.8.6",
      "resolved": "https://registry.npmjs.org/elm-format/-/elm-format-0.8.6.tgz",
      "integrity": "sha512-hUYo7PNH6iUR6km1r9teEYYyf/sSzBEuPtbCj4aTbHg1u9B2btGz4oxuIL12yXMxyzXiGoggLS9nnsaLQ1C2rg==",
      "dev": true,
      "requires": {
        "@avh4/elm-format-darwin-arm64": "0.8.6-2",
        "@avh4/elm-format-darwin-x64": "0.8.6-2",
        "@avh4/elm-format-linux-arm64": "0.8.6-2",
        "@avh4/elm-format-linux-x64": "0.8.6-2",
        "@avh4/elm-format-win32-x64": "0.8.6-2"
      }
    }
  }
}
